
Microsoft Visual Studio Solution File, Format Version 12.00
# Visual Studio Version 17
VisualStudioVersion = 17.6.33723.286
MinimumVisualStudioVersion = 10.0.40219.1
Project("{9A19103F-16F7-4668-BE54-9A1E7A4F7556}") = "BlazorEcommerce.Server", "BlazorEcommerce\Server\BlazorEcommerce.Server.csproj", "{A2ACEE73-D466-4177-8D17-58A59711C8E7}"
EndProject
Project("{9A19103F-16F7-4668-BE54-9A1E7A4F7556}") = "BlazorEcommerce.Client", "BlazorEcommerce\Client\BlazorEcommerce.Client.csproj", "{F677A9D5-FA7E-41D2-A12E-AC2BC1CE138B}"
EndProject
Project("{9A19103F-16F7-4668-BE54-9A1E7A4F7556}") = "BlazorEcommerce.Shared", "BlazorEcommerce\Shared\BlazorEcommerce.Shared.csproj", "{9E5E58AF-9B01-48AF-A9A9-D6925BC72AC4}"
EndProject
Global
	GlobalSection(SolutionConfigurationPlatforms) = preSolution
		Debug|Any CPU = Debug|Any CPU
		Release|Any CPU = Release|Any CPU
	EndGlobalSection
	GlobalSection(ProjectConfigurationPlatforms) = postSolution
		{A2ACEE73-D466-4177-8D17-58A59711C8E7}.Debug|Any CPU.ActiveCfg = Debug|Any CPU
		{A2ACEE73-D466-4177-8D17-58A59711C8E7}.Debug|Any CPU.Build.0 = Debug|Any CPU
		{A2ACEE73-D466-4177-8D17-58A59711C8E7}.Release|Any CPU.ActiveCfg = Release|Any CPU
		{A2ACEE73-D466-4177-8D17-58A59711C8E7}.Release|Any CPU.Build.0 = Release|Any CPU
		{F677A9D5-FA7E-41D2-A12E-AC2BC1CE138B}.Debug|Any CPU.ActiveCfg = Debug|Any CPU
		{F677A9D5-FA7E-41D2-A12E-AC2BC1CE138B}.Debug|Any CPU.Build.0 = Debug|Any CPU
		{F677A9D5-FA7E-41D2-A12E-AC2BC1CE138B}.Release|Any CPU.ActiveCfg = Release|Any CPU
		{F677A9D5-FA7E-41D2-A12E-AC2BC1CE138B}.Release|Any CPU.Build.0 = Release|Any CPU
		{9E5E58AF-9B01-48AF-A9A9-D6925BC72AC4}.Debug|Any CPU.ActiveCfg = Debug|Any CPU
		{9E5E58AF-9B01-48AF-A9A9-D6925BC72AC4}.Debug|Any CPU.Build.0 = Debug|Any CPU
		{9E5E58AF-9B01-48AF-A9A9-D6925BC72AC4}.Release|Any CPU.ActiveCfg = Release|Any CPU
		{9E5E58AF-9B01-48AF-A9A9-D6925BC72AC4}.Release|Any CPU.Build.0 = Release|Any CPU
	EndGlobalSection
	GlobalSection(SolutionProperties) = preSolution
		HideSolutionNode = FALSE
	EndGlobalSection
	GlobalSection(ExtensibilityGlobals) = postSolution
		SolutionGuid = {98AA1B8E-18B3-4490-B7B1-202F021A3796}
	EndGlobalSection
EndGlobal
